
Microsoft Visual Studio Solution File, Format Version 12.00
# Visual Studio Version 17
VisualStudioVersion = 17.0.32112.339
MinimumVisualStudioVersion = 10.0.40219.1
Project("{FAE04EC0-301F-11D3-BF4B-00C04F79EFBC}") = "Weber State Web Demo", "Weber State Web Demo.csproj", "{2EED4B84-2AD0-46E2-8442-365941225AD6}"
EndProject
Global
	GlobalSection(SolutionConfigurationPlatforms) = preSolution
		Debug|Any CPU = Debug|Any CPU
		Release|Any CPU = Release|Any CPU
	EndGlobalSection
	GlobalSection(ProjectConfigurationPlatforms) = postSolution
		{2EED4B84-2AD0-46E2-8442-365941225AD6}.Debug|Any CPU.ActiveCfg = Debug|Any CPU
		{2EED4B84-2AD0-46E2-8442-365941225AD6}.Debug|Any CPU.Build.0 = Debug|Any CPU
		{2EED4B84-2AD0-46E2-8442-365941225AD6}.Release|Any CPU.ActiveCfg = Release|Any CPU
		{2EED4B84-2AD0-46E2-8442-365941225AD6}.Release|Any CPU.Build.0 = Release|Any CPU
	EndGlobalSection
	GlobalSection(SolutionProperties) = preSolution
		HideSolutionNode = FALSE
	EndGlobalSection
	GlobalSection(ExtensibilityGlobals) = postSolution
		SolutionGuid = {DD59C8BF-BBC4-444B-8EB9-EC892462FFE0}
	EndGlobalSection
EndGlobal
